
Microsoft Visual Studio Solution File, Format Version 12.00
# Visual Studio Version 17
VisualStudioVersion = 17.2.32630.192
MinimumVisualStudioVersion = 10.0.40219.1
Project("{FAE04EC0-301F-11D3-BF4B-00C04F79EFBC}") = "CRUDAdvanceWithDesignPatternAndRedis", "CRUDAdvanceWithDesignPatternAndRedis\CRUDAdvanceWithDesignPatternAndRedis.csproj", "{F3D03428-9F6D-4CF0-802A-CA4227C6D1A0}"
EndProject
Project("{FAE04EC0-301F-11D3-BF4B-00C04F79EFBC}") = "BusinessObject", "BusinessObject\BusinessObject.csproj", "{92629516-A75C-4908-8DF9-0CB255831A0F}"
EndProject
Project("{FAE04EC0-301F-11D3-BF4B-00C04F79EFBC}") = "DataAccessObject", "DataAccessObject\DataAccessObject.csproj", "{697103A5-A0F8-4045-8EDE-618558C7C174}"
EndProject
Project("{FAE04EC0-301F-11D3-BF4B-00C04F79EFBC}") = "Repository", "Repository\Repository.csproj", "{E54BDD39-B934-4469-A15C-23621AC2208C}"
EndProject
Global
	GlobalSection(SolutionConfigurationPlatforms) = preSolution
		Debug|Any CPU = Debug|Any CPU
		Release|Any CPU = Release|Any CPU
	EndGlobalSection
	GlobalSection(ProjectConfigurationPlatforms) = postSolution
		{F3D03428-9F6D-4CF0-802A-CA4227C6D1A0}.Debug|Any CPU.ActiveCfg = Debug|Any CPU
		{F3D03428-9F6D-4CF0-802A-CA4227C6D1A0}.Debug|Any CPU.Build.0 = Debug|Any CPU
		{F3D03428-9F6D-4CF0-802A-CA4227C6D1A0}.Release|Any CPU.ActiveCfg = Release|Any CPU
		{F3D03428-9F6D-4CF0-802A-CA4227C6D1A0}.Release|Any CPU.Build.0 = Release|Any CPU
		{92629516-A75C-4908-8DF9-0CB255831A0F}.Debug|Any CPU.ActiveCfg = Debug|Any CPU
		{92629516-A75C-4908-8DF9-0CB255831A0F}.Debug|Any CPU.Build.0 = Debug|Any CPU
		{92629516-A75C-4908-8DF9-0CB255831A0F}.Release|Any CPU.ActiveCfg = Release|Any CPU
		{92629516-A75C-4908-8DF9-0CB255831A0F}.Release|Any CPU.Build.0 = Release|Any CPU
		{697103A5-A0F8-4045-8EDE-618558C7C174}.Debug|Any CPU.ActiveCfg = Debug|Any CPU
		{697103A5-A0F8-4045-8EDE-618558C7C174}.Debug|Any CPU.Build.0 = Debug|Any CPU
		{697103A5-A0F8-4045-8EDE-618558C7C174}.Release|Any CPU.ActiveCfg = Release|Any CPU
		{697103A5-A0F8-4045-8EDE-618558C7C174}.Release|Any CPU.Build.0 = Release|Any CPU
		{E54BDD39-B934-4469-A15C-23621AC2208C}.Debug|Any CPU.ActiveCfg = Debug|Any CPU
		{E54BDD39-B934-4469-A15C-23621AC2208C}.Debug|Any CPU.Build.0 = Debug|Any CPU
		{E54BDD39-B934-4469-A15C-23621AC2208C}.Release|Any CPU.ActiveCfg = Release|Any CPU
		{E54BDD39-B934-4469-A15C-23621AC2208C}.Release|Any CPU.Build.0 = Release|Any CPU
	EndGlobalSection
	GlobalSection(SolutionProperties) = preSolution
		HideSolutionNode = FALSE
	EndGlobalSection
	GlobalSection(ExtensibilityGlobals) = postSolution
		SolutionGuid = {74DB5E08-19FC-41A6-88DB-A89DF92C6060}
	EndGlobalSection
EndGlobal
